{
  "name": "zengin-csv",
  "version": "1.0.0",
  "lockfileVersion": 3,
  "requires": true,
  "packages": {
    "": {
      "name": "zengin-csv",
      "version": "1.0.0",
      "license": "ISC",
      "dependencies": {
        "zengin-code": "^1.0.0-p20241029"
      }
    },
    "node_modules/zengin-code": {
      "version": "1.0.0-p20241029",
      "resolved": "https://registry.npmjs.org/zengin-code/-/zengin-code-1.0.0-p20241029.tgz",
      "integrity": "sha512-wEN+1rUe+IS5KaZjKn7VtJx8Nbyzl5pvaITes+Em3O3E8zJzFRY2Ri4cYeZeZUeGOWreveiXJkJAqcNyT7DHRw==",
      "license": "MIT"
    }
  }
}
